Microsoft Visual Studio Solution File, Format Version 12.00
# Visual Studio Version 17
VisualStudioVersion = 17.5.2.0
MinimumVisualStudioVersion = 10.0.40219.1
Project("{FAE04EC0-301F-11D3-BF4B-00C04F79EFBC}") = "ChemGa", "ChemGa.csproj", "{843DE673-284D-9BD5-79BF-E682FD059462}"
EndProject
Global
	GlobalSection(SolutionConfigurationPlatforms) = preSolution
		Debug|Any CPU = Debug|Any CPU
		Release|Any CPU = Release|Any CPU
	EndGlobalSection
	GlobalSection(ProjectConfigurationPlatforms) = postSolution
		{843DE673-284D-9BD5-79BF-E682FD059462}.Debug|Any CPU.ActiveCfg = Debug|Any CPU
		{843DE673-284D-9BD5-79BF-E682FD059462}.Debug|Any CPU.Build.0 = Debug|Any CPU
		{843DE673-284D-9BD5-79BF-E682FD059462}.Release|Any CPU.ActiveCfg = Release|Any CPU
		{843DE673-284D-9BD5-79BF-E682FD059462}.Release|Any CPU.Build.0 = Release|Any CPU
	EndGlobalSection
	GlobalSection(SolutionProperties) = preSolution
		HideSolutionNode = FALSE
	EndGlobalSection
	GlobalSection(ExtensibilityGlobals) = postSolution
		SolutionGuid = {F37A9061-EA46-4134-BE8E-A6A462A8A6E1}
	EndGlobalSection
EndGlobal
